
Microsoft Visual Studio Solution File, Format Version 12.00
# Visual Studio Version 17
VisualStudioVersion = 17.4.33213.308
MinimumVisualStudioVersion = 10.0.40219.1
Project("{FAE04EC0-301F-11D3-BF4B-00C04F79EFBC}") = "SP2023-Assignment1-RSword", "SP2023-Assignment1-RSword\SP2023-Assignment1-RSword.csproj", "{9DABC956-D0F6-4E48-9A8B-258DA5416B58}"
EndProject
Global
	GlobalSection(SolutionConfigurationPlatforms) = preSolution
		Debug|Any CPU = Debug|Any CPU
		Release|Any CPU = Release|Any CPU
	EndGlobalSection
	GlobalSection(ProjectConfigurationPlatforms) = postSolution
		{9DABC956-D0F6-4E48-9A8B-258DA5416B58}.Debug|Any CPU.ActiveCfg = Debug|Any CPU
		{9DABC956-D0F6-4E48-9A8B-258DA5416B58}.Debug|Any CPU.Build.0 = Debug|Any CPU
		{9DABC956-D0F6-4E48-9A8B-258DA5416B58}.Release|Any CPU.ActiveCfg = Release|Any CPU
		{9DABC956-D0F6-4E48-9A8B-258DA5416B58}.Release|Any CPU.Build.0 = Release|Any CPU
	EndGlobalSection
	GlobalSection(SolutionProperties) = preSolution
		HideSolutionNode = FALSE
	EndGlobalSection
	GlobalSection(ExtensibilityGlobals) = postSolution
		SolutionGuid = {EE779BB5-0137-487B-BDB4-ED0A4CD556F2}
	EndGlobalSection
EndGlobal
